// !$*UTF8*$!
{
	archiveVersion = 1;
	classes = {
	};
	objectVersion = 56;
	objects = {

/* Begin PBXBuildFile section */
		641861DB2ACCC0EC006883EC /* SettingsRowView.swift in Sources */ = {isa = PBXBuildFile; fileRef = 641861DA2ACCC0EC006883EC /* SettingsRowView.swift */; };
		641861DD2ACCC126006883EC /* SettingRowModel.swift in Sources */ = {isa = PBXBuildFile; fileRef = 641861DC2ACCC126006883EC /* SettingRowModel.swift */; };
		641861DF2ACCC5E9006883EC /* SettingsRowData.swift in Sources */ = {isa = PBXBuildFile; fileRef = 641861DE2ACCC5E9006883EC /* SettingsRowData.swift */; };
		642382102AC783A900596FB7 /* FruitNutritionView.swift in Sources */ = {isa = PBXBuildFile; fileRef = 6423820F2AC783A900596FB7 /* FruitNutritionView.swift */; };
		64397B602ABCFA5C00D131F3 /* FruitsApp.swift in Sources */ = {isa = PBXBuildFile; fileRef = 64397B5F2ABCFA5C00D131F3 /* FruitsApp.swift */; };
		64397B622ABCFA5C00D131F3 /* FruitList.swift in Sources */ = {isa = PBXBuildFile; fileRef = 64397B612ABCFA5C00D131F3 /* FruitList.swift */; };
		64397B642ABCFA5D00D131F3 /* Assets.xcassets in Resources */ = {isa = PBXBuildFile; fileRef = 64397B632ABCFA5D00D131F3 /* Assets.xcassets */; };
		64397B672ABCFA5D00D131F3 /* Preview Assets.xcassets in Resources */ = {isa = PBXBuildFile; fileRef = 64397B662ABCFA5D00D131F3 /* Preview Assets.xcassets */; };
		64397B702ABD05D500D131F3 /* FruitCardView.swift in Sources */ = {isa = PBXBuildFile; fileRef = 64397B6F2ABD05D500D131F3 /* FruitCardView.swift */; };
		64397B732ABD07FB00D131F3 /* ColorsExtension.swift in Sources */ = {isa = PBXBuildFile; fileRef = 64397B722ABD07FB00D131F3 /* ColorsExtension.swift */; };
		64B553512AC36A5A00FE1147 /* FruitDetailsHeaderView.swift in Sources */ = {isa = PBXBuildFile; fileRef = 64B553502AC36A5A00FE1147 /* FruitDetailsHeaderView.swift */; };
		64ECBD372AC24BAB00A9013B /* FruitDetails.swift in Sources */ = {isa = PBXBuildFile; fileRef = 64ECBD362AC24BAB00A9013B /* FruitDetails.swift */; };
		64F2E0E22AC0D3CC00A35B4B /* FruitModel.swift in Sources */ = {isa = PBXBuildFile; fileRef = 64F2E0E12AC0D3CC00A35B4B /* FruitModel.swift */; };
		64F2E0E42AC0D5E200A35B4B /* FruitsData.swift in Sources */ = {isa = PBXBuildFile; fileRef = 64F2E0E32AC0D5E200A35B4B /* FruitsData.swift */; };
		64F2E0E62AC0D8BE00A35B4B /* OnBoarding.swift in Sources */ = {isa = PBXBuildFile; fileRef = 64F2E0E52AC0D8BE00A35B4B /* OnBoarding.swift */; };
		64F2E0E82AC0E04300A35B4B /* FruitRowItem.swift in Sources */ = {isa = PBXBuildFile; fileRef = 64F2E0E72AC0E04300A35B4B /* FruitRowItem.swift */; };
		64FA16582AC9AB0000081076 /* SettingsView.swift in Sources */ = {isa = PBXBuildFile; fileRef = 64FA16572AC9AB0000081076 /* SettingsView.swift */; };
		64FA165A2AC9BB9100081076 /* SettingsViewLabel.swift in Sources */ = {isa = PBXBuildFile; fileRef = 64FA16592AC9BB9100081076 /* SettingsViewLabel.swift */; };
		64FA165C2AC9D1D800081076 /* StartButton.swift in Sources */ = {isa = PBXBuildFile; fileRef = 64FA165B2AC9D1D800081076 /* StartButton.swift */; };
		64FA165E2AC9DB6000081076 /* StringExtension.swift in Sources */ = {isa = PBXBuildFile; fileRef = 64FA165D2AC9DB6000081076 /* StringExtension.swift */; };
		64FA16602AC9DE0100081076 /* ContentView.swift in Sources */ = {isa = PBXBuildFile; fileRef = 64FA165F2AC9DE0100081076 /* ContentView.swift */; };
/* End PBXBuildFile section */

/* Begin PBXFileReference section */
		641861DA2ACCC0EC006883EC /* SettingsRowView.swift */ = {isa = PBXFileReference; lastKnownFileType = sourcecode.swift; path = SettingsRowView.swift; sourceTree = "<group>"; };
		641861DC2ACCC126006883EC /* SettingRowModel.swift */ = {isa = PBXFileReference; lastKnownFileType = sourcecode.swift; path = SettingRowModel.swift; sourceTree = "<group>"; };
		641861DE2ACCC5E9006883EC /* SettingsRowData.swift */ = {isa = PBXFileReference; lastKnownFileType = sourcecode.swift; path = SettingsRowData.swift; sourceTree = "<group>"; };
		6423820F2AC783A900596FB7 /* FruitNutritionView.swift */ = {isa = PBXFileReference; lastKnownFileType = sourcecode.swift; path = FruitNutritionView.swift; sourceTree = "<group>"; };
		64397B5C2ABCFA5C00D131F3 /* Fruits.app */ = {isa = PBXFileReference; explicitFileType = wrapper.application; includeInIndex = 0; path = Fruits.app; sourceTree = BUILT_PRODUCTS_DIR; };
		64397B5F2ABCFA5C00D131F3 /* FruitsApp.swift */ = {isa = PBXFileReference; lastKnownFileType = sourcecode.swift; path = FruitsApp.swift; sourceTree = "<group>"; };
		64397B612ABCFA5C00D131F3 /* FruitList.swift */ = {isa = PBXFileReference; lastKnownFileType = sourcecode.swift; path = FruitList.swift; sourceTree = "<group>"; };
		64397B632ABCFA5D00D131F3 /* Assets.xcassets */ = {isa = PBXFileReference; lastKnownFileType = folder.assetcatalog; path = Assets.xcassets; sourceTree = "<group>"; };
		64397B662ABCFA5D00D131F3 /* Preview Assets.xcassets */ = {isa = PBXFileReference; lastKnownFileType = folder.assetcatalog; path = "Preview Assets.xcassets"; sourceTree = "<group>"; };
		64397B6F2ABD05D500D131F3 /* FruitCardView.swift */ = {isa = PBXFileReference; lastKnownFileType = sourcecode.swift; path = FruitCardView.swift; sourceTree = "<group>"; };
		64397B722ABD07FB00D131F3 /* ColorsExtension.swift */ = {isa = PBXFileReference; lastKnownFileType = sourcecode.swift; path = ColorsExtension.swift; sourceTree = "<group>"; };
		64B553502AC36A5A00FE1147 /* FruitDetailsHeaderView.swift */ = {isa = PBXFileReference; lastKnownFileType = sourcecode.swift; path = FruitDetailsHeaderView.swift; sourceTree = "<group>"; };
		64ECBD362AC24BAB00A9013B /* FruitDetails.swift */ = {isa = PBXFileReference; lastKnownFileType = sourcecode.swift; path = FruitDetails.swift; sourceTree = "<group>"; };
		64F2E0E12AC0D3CC00A35B4B /* FruitModel.swift */ = {isa = PBXFileReference; lastKnownFileType = sourcecode.swift; path = FruitModel.swift; sourceTree = "<group>"; };
		64F2E0E32AC0D5E200A35B4B /* FruitsData.swift */ = {isa = PBXFileReference; lastKnownFileType = sourcecode.swift; path = FruitsData.swift; sourceTree = "<group>"; };
		64F2E0E52AC0D8BE00A35B4B /* OnBoarding.swift */ = {isa = PBXFileReference; lastKnownFileType = sourcecode.swift; path = OnBoarding.swift; sourceTree = "<group>"; };
		64F2E0E72AC0E04300A35B4B /* FruitRowItem.swift */ = {isa = PBXFileReference; lastKnownFileType = sourcecode.swift; path = FruitRowItem.swift; sourceTree = "<group>"; };
		64FA16572AC9AB0000081076 /* SettingsView.swift */ = {isa = PBXFileReference; lastKnownFileType = sourcecode.swift; path = SettingsView.swift; sourceTree = "<group>"; };
		64FA16592AC9BB9100081076 /* SettingsViewLabel.swift */ = {isa = PBXFileReference; lastKnownFileType = sourcecode.swift; path = SettingsViewLabel.swift; sourceTree = "<group>"; };
		64FA165B2AC9D1D800081076 /* StartButton.swift */ = {isa = PBXFileReference; lastKnownFileType = sourcecode.swift; path = StartButton.swift; sourceTree = "<group>"; };
		64FA165D2AC9DB6000081076 /* StringExtension.swift */ = {isa = PBXFileReference; lastKnownFileType = sourcecode.swift; path = StringExtension.swift; sourceTree = "<group>"; };
		64FA165F2AC9DE0100081076 /* ContentView.swift */ = {isa = PBXFileReference; lastKnownFileType = sourcecode.swift; path = ContentView.swift; sourceTree = "<group>"; };
/* End PBXFileReference section */

/* Begin PBXFrameworksBuildPhase section */
		64397B592ABCFA5C00D131F3 /* Frameworks */ = {
			isa = PBXFrameworksBuildPhase;
			buildActionMask = 2147483647;
			files = (
			);
			runOnlyForDeploymentPostprocessing = 0;
		};
/* End PBXFrameworksBuildPhase section */

/* Begin PBXGroup section */
		641861E02ACCC94A006883EC /* screens */ = {
			isa = PBXGroup;
			children = (
				64397B612ABCFA5C00D131F3 /* FruitList.swift */,
				64FA16572AC9AB0000081076 /* SettingsView.swift */,
				64F2E0E52AC0D8BE00A35B4B /* OnBoarding.swift */,
				64ECBD362AC24BAB00A9013B /* FruitDetails.swift */,
			);
			path = screens;
			sourceTree = "<group>";
		};
		64397B532ABCFA5C00D131F3 = {
			isa = PBXGroup;
			children = (
				64397B5E2ABCFA5C00D131F3 /* Fruits */,
				64397B5D2ABCFA5C00D131F3 /* Products */,
			);
			sourceTree = "<group>";
		};
		64397B5D2ABCFA5C00D131F3 /* Products */ = {
			isa = PBXGroup;
			children = (
				64397B5C2ABCFA5C00D131F3 /* Fruits.app */,
			);
			name = Products;
			sourceTree = "<group>";
		};
		64397B5E2ABCFA5C00D131F3 /* Fruits */ = {
			isa = PBXGroup;
			children = (
				641861E02ACCC94A006883EC /* screens */,
				64F2E0E02AC0D3B400A35B4B /* data */,
				64397B712ABD07DB00D131F3 /* utility */,
				64397B6E2ABD05BA00D131F3 /* view */,
				64397B6D2ABD05A700D131F3 /* app */,
				64397B632ABCFA5D00D131F3 /* Assets.xcassets */,
				64397B652ABCFA5D00D131F3 /* Preview Content */,
			);
			path = Fruits;
			sourceTree = "<group>";
		};
		64397B652ABCFA5D00D131F3 /* Preview Content */ = {
			isa = PBXGroup;
			children = (
				64397B662ABCFA5D00D131F3 /* Preview Assets.xcassets */,
			);
			path = "Preview Content";
			sourceTree = "<group>";
		};
		64397B6D2ABD05A700D131F3 /* app */ = {
			isa = PBXGroup;
			children = (
				64397B5F2ABCFA5C00D131F3 /* FruitsApp.swift */,
				64FA165F2AC9DE0100081076 /* ContentView.swift */,
			);
			path = app;
			sourceTree = "<group>";
		};
		64397B6E2ABD05BA00D131F3 /* view */ = {
			isa = PBXGroup;
			children = (
				64397B6F2ABD05D500D131F3 /* FruitCardView.swift */,
				64F2E0E72AC0E04300A35B4B /* FruitRowItem.swift */,
				64B553502AC36A5A00FE1147 /* FruitDetailsHeaderView.swift */,
				6423820F2AC783A900596FB7 /* FruitNutritionView.swift */,
				64FA16592AC9BB9100081076 /* SettingsViewLabel.swift */,
				64FA165B2AC9D1D800081076 /* StartButton.swift */,
				641861DA2ACCC0EC006883EC /* SettingsRowView.swift */,
			);
			path = view;
			sourceTree = "<group>";
		};
		64397B712ABD07DB00D131F3 /* utility */ = {
			isa = PBXGroup;
			children = (
				64397B722ABD07FB00D131F3 /* ColorsExtension.swift */,
				64FA165D2AC9DB6000081076 /* StringExtension.swift */,
			);
			path = utility;
			sourceTree = "<group>";
		};
		64F2E0E02AC0D3B400A35B4B /* data */ = {
			isa = PBXGroup;
			children = (
				64F2E0E12AC0D3CC00A35B4B /* FruitModel.swift */,
				64F2E0E32AC0D5E200A35B4B /* FruitsData.swift */,
				641861DC2ACCC126006883EC /* SettingRowModel.swift */,
				641861DE2ACCC5E9006883EC /* SettingsRowData.swift */,
			);
			path = data;
			sourceTree = "<group>";
		};
/* End PBXGroup section */

/* Begin PBXNativeTarget section */
		64397B5B2ABCFA5C00D131F3 /* Fruits */ = {
			isa = PBXNativeTarget;
			buildConfigurationList = 64397B6A2ABCFA5D00D131F3 /* Build configuration list for PBXNativeTarget "Fruits" */;
			buildPhases = (
				64397B582ABCFA5C00D131F3 /* Sources */,
				64397B592ABCFA5C00D131F3 /* Frameworks */,
				64397B5A2ABCFA5C00D131F3 /* Resources */,
			);
			buildRules = (
			);
			dependencies = (
			);
			name = Fruits;
			productName = Fruits;
			productReference = 64397B5C2ABCFA5C00D131F3 /* Fruits.app */;
			productType = "com.apple.product-type.application";
		};
/* End PBXNativeTarget section */

/* Begin PBXProject section */
		64397B542ABCFA5C00D131F3 /* Project object */ = {
			isa = PBXProject;
			attributes = {
				BuildIndependentTargetsInParallel = 1;
				LastSwiftUpdateCheck = 1420;
				LastUpgradeCheck = 1420;
				TargetAttributes = {
					64397B5B2ABCFA5C00D131F3 = {
						CreatedOnToolsVersion = 14.2;
					};
				};
			};
			buildConfigurationList = 64397B572ABCFA5C00D131F3 /* Build configuration list for PBXProject "Fruits" */;
			compatibilityVersion = "Xcode 14.0";
			developmentRegion = en;
			hasScannedForEncodings = 0;
			knownRegions = (
				en,
				Base,
			);
			mainGroup = 64397B532ABCFA5C00D131F3;
			productRefGroup = 64397B5D2ABCFA5C00D131F3 /* Products */;
			projectDirPath = "";
			projectRoot = "";
			targets = (
				64397B5B2ABCFA5C00D131F3 /* Fruits */,
			);
		};
/* End PBXProject section */

/* Begin PBXResourcesBuildPhase section */
		64397B5A2ABCFA5C00D131F3 /* Resources */ = {
			isa = PBXResourcesBuildPhase;
			buildActionMask = 2147483647;
			files = (
				64397B672ABCFA5D00D131F3 /* Preview Assets.xcassets in Resources */,
				64397B642ABCFA5D00D131F3 /* Assets.xcassets in Resources */,
			);
			runOnlyForDeploymentPostprocessing = 0;
		};
/* End PBXResourcesBuildPhase section */

/* Begin PBXSourcesBuildPhase section */
		64397B582ABCFA5C00D131F3 /* Sources */ = {
			isa = PBXSourcesBuildPhase;
			buildActionMask = 2147483647;
			files = (
				64F2E0E42AC0D5E200A35B4B /* FruitsData.swift in Sources */,
				641861DF2ACCC5E9006883EC /* SettingsRowData.swift in Sources */,
				64397B702ABD05D500D131F3 /* FruitCardView.swift in Sources */,
				64FA16602AC9DE0100081076 /* ContentView.swift in Sources */,
				64FA165E2AC9DB6000081076 /* StringExtension.swift in Sources */,
				64397B622ABCFA5C00D131F3 /* FruitList.swift in Sources */,
				64F2E0E22AC0D3CC00A35B4B /* FruitModel.swift in Sources */,
				64397B602ABCFA5C00D131F3 /* FruitsApp.swift in Sources */,
				64F2E0E62AC0D8BE00A35B4B /* OnBoarding.swift in Sources */,
				64FA165C2AC9D1D800081076 /* StartButton.swift in Sources */,
				64F2E0E82AC0E04300A35B4B /* FruitRowItem.swift in Sources */,
				642382102AC783A900596FB7 /* FruitNutritionView.swift in Sources */,
				641861DB2ACCC0EC006883EC /* SettingsRowView.swift in Sources */,
				64FA165A2AC9BB9100081076 /* SettingsViewLabel.swift in Sources */,
				64B553512AC36A5A00FE1147 /* FruitDetailsHeaderView.swift in Sources */,
				64FA16582AC9AB0000081076 /* SettingsView.swift in Sources */,
				641861DD2ACCC126006883EC /* SettingRowModel.swift in Sources */,
				64ECBD372AC24BAB00A9013B /* FruitDetails.swift in Sources */,
				64397B732ABD07FB00D131F3 /* ColorsExtension.swift in Sources */,
			);
			runOnlyForDeploymentPostprocessing = 0;
		};
/* End PBXSourcesBuildPhase section */

/* Begin XCBuildConfiguration section */
		64397B682ABCFA5D00D131F3 /* Debug */ = {
			isa = XCBuildConfiguration;
			buildSettings = {
				ALWAYS_SEARCH_USER_PATHS = NO;
				CLANG_ANALYZER_NONNULL = YES;
				CLANG_ANALYZER_NUMBER_OBJECT_CONVERSION = YES_AGGRESSIVE;
				CLANG_CXX_LANGUAGE_STANDARD = "gnu++20";
				CLANG_ENABLE_MODULES = YES;
				CLANG_ENABLE_OBJC_ARC = YES;
				CLANG_ENABLE_OBJC_WEAK = YES;
				CLANG_WARN_BLOCK_CAPTURE_AUTORELEASING = YES;
				CLANG_WARN_BOOL_CONVERSION = YES;
				CLANG_WARN_COMMA = YES;
				CLANG_WARN_CONSTANT_CONVERSION = YES;
				CLANG_WARN_DEPRECATED_OBJC_IMPLEMENTATIONS = YES;
				CLANG_WARN_DIRECT_OBJC_ISA_USAGE = YES_ERROR;
				CLANG_WARN_DOCUMENTATION_COMMENTS = YES;
				CLANG_WARN_EMPTY_BODY = YES;
				CLANG_WARN_ENUM_CONVERSION = YES;
				CLANG_WARN_INFINITE_RECURSION = YES;
				CLANG_WARN_INT_CONVERSION = YES;
				CLANG_WARN_NON_LITERAL_NULL_CONVERSION = YES;
				CLANG_WARN_OBJC_IMPLICIT_RETAIN_SELF = YES;
				CLANG_WARN_OBJC_LITERAL_CONVERSION = YES;
				CLANG_WARN_OBJC_ROOT_CLASS = YES_ERROR;
				CLANG_WARN_QUOTED_INCLUDE_IN_FRAMEWORK_HEADER = YES;
				CLANG_WARN_RANGE_LOOP_ANALYSIS = YES;
				CLANG_WARN_STRICT_PROTOTYPES = YES;
				CLANG_WARN_SUSPICIOUS_MOVE = YES;
				CLANG_WARN_UNGUARDED_AVAILABILITY = YES_AGGRESSIVE;
				CLANG_WARN_UNREACHABLE_CODE = YES;
				CLANG_WARN__DUPLICATE_METHOD_MATCH = YES;
				COPY_PHASE_STRIP = NO;
				DEBUG_INFORMATION_FORMAT = dwarf;
				ENABLE_STRICT_OBJC_MSGSEND = YES;
				ENABLE_TESTABILITY = YES;
				GCC_C_LANGUAGE_STANDARD = gnu11;
				GCC_DYNAMIC_NO_PIC = NO;
				GCC_NO_COMMON_BLOCKS = YES;
				GCC_OPTIMIZATION_LEVEL = 0;
				GCC_PREPROCESSOR_DEFINITIONS = (
					"DEBUG=1",
					"$(inherited)",
				);
				GCC_WARN_64_TO_32_BIT_CONVERSION = YES;
				GCC_WARN_ABOUT_RETURN_TYPE = YES_ERROR;
				GCC_WARN_UNDECLARED_SELECTOR = YES;
				GCC_WARN_UNINITIALIZED_AUTOS = YES_AGGRESSIVE;
				GCC_WARN_UNUSED_FUNCTION = YES;
				GCC_WARN_UNUSED_VARIABLE = YES;
				IPHONEOS_DEPLOYMENT_TARGET = 16.2;
				MTL_ENABLE_DEBUG_INFO = INCLUDE_SOURCE;
				MTL_FAST_MATH = YES;
				ONLY_ACTIVE_ARCH = YES;
				SDKROOT = iphoneos;
				SWIFT_ACTIVE_COMPILATION_CONDITIONS = DEBUG;
				SWIFT_OPTIMIZATION_LEVEL = "-Onone";
			};
			name = Debug;
		};
		64397B692ABCFA5D00D131F3 /* Release */ = {
			isa = XCBuildConfiguration;
			buildSettings = {
				ALWAYS_SEARCH_USER_PATHS = NO;
				CLANG_ANALYZER_NONNULL = YES;
				CLANG_ANALYZER_NUMBER_OBJECT_CONVERSION = YES_AGGRESSIVE;
				CLANG_CXX_LANGUAGE_STANDARD = "gnu++20";
				CLANG_ENABLE_MODULES = YES;
				CLANG_ENABLE_OBJC_ARC = YES;
				CLANG_ENABLE_OBJC_WEAK = YES;
				CLANG_WARN_BLOCK_CAPTURE_AUTORELEASING = YES;
				CLANG_WARN_BOOL_CONVERSION = YES;
				CLANG_WARN_COMMA = YES;
				CLANG_WARN_CONSTANT_CONVERSION = YES;
				CLANG_WARN_DEPRECATED_OBJC_IMPLEMENTATIONS = YES;
				CLANG_WARN_DIRECT_OBJC_ISA_USAGE = YES_ERROR;
				CLANG_WARN_DOCUMENTATION_COMMENTS = YES;
				CLANG_WARN_EMPTY_BODY = YES;
				CLANG_WARN_ENUM_CONVERSION = YES;
				CLANG_WARN_INFINITE_RECURSION = YES;
				CLANG_WARN_INT_CONVERSION = YES;
				CLANG_WARN_NON_LITERAL_NULL_CONVERSION = YES;
				CLANG_WARN_OBJC_IMPLICIT_RETAIN_SELF = YES;
				CLANG_WARN_OBJC_LITERAL_CONVERSION = YES;
				CLANG_WARN_OBJC_ROOT_CLASS = YES_ERROR;
				CLANG_WARN_QUOTED_INCLUDE_IN_FRAMEWORK_HEADER = YES;
				CLANG_WARN_RANGE_LOOP_ANALYSIS = YES;
				CLANG_WARN_STRICT_PROTOTYPES = YES;
				CLANG_WARN_SUSPICIOUS_MOVE = YES;
				CLANG_WARN_UNGUARDED_AVAILABILITY = YES_AGGRESSIVE;
				CLANG_WARN_UNREACHABLE_CODE = YES;
				CLANG_WARN__DUPLICATE_METHOD_MATCH = YES;
				COPY_PHASE_STRIP = NO;
				DEBUG_INFORMATION_FORMAT = "dwarf-with-dsym";
				ENABLE_NS_ASSERTIONS = NO;
				ENABLE_STRICT_OBJC_MSGSEND = YES;
				GCC_C_LANGUAGE_STANDARD = gnu11;
				GCC_NO_COMMON_BLOCKS = YES;
				GCC_WARN_64_TO_32_BIT_CONVERSION = YES;
				GCC_WARN_ABOUT_RETURN_TYPE = YES_ERROR;
				GCC_WARN_UNDECLARED_SELECTOR = YES;
				GCC_WARN_UNINITIALIZED_AUTOS = YES_AGGRESSIVE;
				GCC_WARN_UNUSED_FUNCTION = YES;
				GCC_WARN_UNUSED_VARIABLE = YES;
				IPHONEOS_DEPLOYMENT_TARGET = 16.2;
				MTL_ENABLE_DEBUG_INFO = NO;
				MTL_FAST_MATH = YES;
				SDKROOT = iphoneos;
				SWIFT_COMPILATION_MODE = wholemodule;
				SWIFT_OPTIMIZATION_LEVEL = "-O";
				VALIDATE_PRODUCT = YES;
			};
			name = Release;
		};
		64397B6B2ABCFA5D00D131F3 /* Debug */ = {
			isa = XCBuildConfiguration;
			buildSettings = {
				ASSETCATALOG_COMPILER_APPICON_NAME = AppIcon;
				ASSETCATALOG_COMPILER_GLOBAL_ACCENT_COLOR_NAME = AccentColor;
				CODE_SIGN_STYLE = Automatic;
				CURRENT_PROJECT_VERSION = 1;
				DEVELOPMENT_ASSET_PATHS = "\"Fruits/Preview Content\"";
				DEVELOPMENT_TEAM = SFGFVVKYCQ;
				ENABLE_PREVIEWS = YES;
				GENERATE_INFOPLIST_FILE = YES;
				INFOPLIST_KEY_UIApplicationSceneManifest_Generation = YES;
				INFOPLIST_KEY_UIApplicationSupportsIndirectInputEvents = YES;
				INFOPLIST_KEY_UILaunchScreen_Generation = YES;
				INFOPLIST_KEY_UISupportedInterfaceOrientations_iPad = "UIInterfaceOrientationPortrait UIInterfaceOrientationPortraitUpsideDown UIInterfaceOrientationLandscapeLeft UIInterfaceOrientationLandscapeRight";
				INFOPLIST_KEY_UISupportedInterfaceOrientations_iPhone = "UIInterfaceOrientationPortrait UIInterfaceOrientationLandscapeLeft UIInterfaceOrientationLandscapeRight";
				LD_RUNPATH_SEARCH_PATHS = (
					"$(inherited)",
					"@executable_path/Frameworks",
				);
				MARKETING_VERSION = 1.0;
				PRODUCT_BUNDLE_IDENTIFIER = com.ezz.Fruits;
				PRODUCT_NAME = "$(TARGET_NAME)";
				SWIFT_EMIT_LOC_STRINGS = YES;
				SWIFT_VERSION = 5.0;
				TARGETED_DEVICE_FAMILY = "1,2";
			};
			name = Debug;
		};
		64397B6C2ABCFA5D00D131F3 /* Release */ = {
			isa = XCBuildConfiguration;
			buildSettings = {
				ASSETCATALOG_COMPILER_APPICON_NAME = AppIcon;
				ASSETCATALOG_COMPILER_GLOBAL_ACCENT_COLOR_NAME = AccentColor;
				CODE_SIGN_STYLE = Automatic;
				CURRENT_PROJECT_VERSION = 1;
				DEVELOPMENT_ASSET_PATHS = "\"Fruits/Preview Content\"";
				DEVELOPMENT_TEAM = SFGFVVKYCQ;
				ENABLE_PREVIEWS = YES;
				GENERATE_INFOPLIST_FILE = YES;
				INFOPLIST_KEY_UIApplicationSceneManifest_Generation = YES;
				INFOPLIST_KEY_UIApplicationSupportsIndirectInputEvents = YES;
				INFOPLIST_KEY_UILaunchScreen_Generation = YES;
				INFOPLIST_KEY_UISupportedInterfaceOrientations_iPad = "UIInterfaceOrientationPortrait UIInterfaceOrientationPortraitUpsideDown UIInterfaceOrientationLandscapeLeft UIInterfaceOrientationLandscapeRight";
				INFOPLIST_KEY_UISupportedInterfaceOrientations_iPhone = "UIInterfaceOrientationPortrait UIInterfaceOrientationLandscapeLeft UIInterfaceOrientationLandscapeRight";
				LD_RUNPATH_SEARCH_PATHS = (
					"$(inherited)",
					"@executable_path/Frameworks",
				);
				MARKETING_VERSION = 1.0;
				PRODUCT_BUNDLE_IDENTIFIER = com.ezz.Fruits;
				PRODUCT_NAME = "$(TARGET_NAME)";
				SWIFT_EMIT_LOC_STRINGS = YES;
				SWIFT_VERSION = 5.0;
				TARGETED_DEVICE_FAMILY = "1,2";
			};
			name = Release;
		};
/* End XCBuildConfiguration section */

/* Begin XCConfigurationList section */
		64397B572ABCFA5C00D131F3 /* Build configuration list for PBXProject "Fruits" */ = {
			isa = XCConfigurationList;
			buildConfigurations = (
				64397B682ABCFA5D00D131F3 /* Debug */,
				64397B692ABCFA5D00D131F3 /* Release */,
			);
			defaultConfigurationIsVisible = 0;
			defaultConfigurationName = Release;
		};
		64397B6A2ABCFA5D00D131F3 /* Build configuration list for PBXNativeTarget "Fruits" */ = {
			isa = XCConfigurationList;
			buildConfigurations = (
				64397B6B2ABCFA5D00D131F3 /* Debug */,
				64397B6C2ABCFA5D00D131F3 /* Release */,
			);
			defaultConfigurationIsVisible = 0;
			defaultConfigurationName = Release;
		};
/* End XCConfigurationList section */
	};
	rootObject = 64397B542ABCFA5C00D131F3 /* Project object */;
}
